// !$*UTF8*$!
{
	archiveVersion = 1;
	classes = {
	};
	objectVersion = 46;
	objects = {

/* Begin PBXBuildFile section */
		7245C2AE1C6EC048001B357B /* AppDelegate.swift in Sources */ = {isa = PBXBuildFile; fileRef = 7245C2AD1C6EC048001B357B /* AppDelegate.swift */; };
		7245C2B01C6EC048001B357B /* ViewController.swift in Sources */ = {isa = PBXBuildFile; fileRef = 7245C2AF1C6EC048001B357B /* ViewController.swift */; };
		7245C2B31C6EC048001B357B /* Main.storyboard in Resources */ = {isa = PBXBuildFile; fileRef = 7245C2B11C6EC048001B357B /* Main.storyboard */; };
		7245C2B51C6EC048001B357B /* Assets.xcassets in Resources */ = {isa = PBXBuildFile; fileRef = 7245C2B41C6EC048001B357B /* Assets.xcassets */; };
		7245C2B81C6EC048001B357B /* LaunchScreen.storyboard in Resources */ = {isa = PBXBuildFile; fileRef = 7245C2B61C6EC048001B357B /* LaunchScreen.storyboard */; };
		7245C2C31C6EC048001B357B /* Pitch_PerfectTests.swift in Sources */ = {isa = PBXBuildFile; fileRef = 7245C2C21C6EC048001B357B /* Pitch_PerfectTests.swift */; };
		7245C2CE1C6EC048001B357B /* Pitch_PerfectUITests.swift in Sources */ = {isa = PBXBuildFile; fileRef = 7245C2CD1C6EC048001B357B /* Pitch_PerfectUITests.swift */; };
/* End PBXBuildFile section */

/* Begin PBXContainerItemProxy section */
		7245C2BF1C6EC048001B357B /* PBXContainerItemProxy */ = {
			isa = PBXContainerItemProxy;
			containerPortal = 7245C2A21C6EC048001B357B /* Project object */;
			proxyType = 1;
			remoteGlobalIDString = 7245C2A91C6EC048001B357B;
			remoteInfo = "Pitch Perfect";
		};
		7245C2CA1C6EC048001B357B /* PBXContainerItemProxy */ = {
			isa = PBXContainerItemProxy;
			containerPortal = 7245C2A21C6EC048001B357B /* Project object */;
			proxyType = 1;
			remoteGlobalIDString = 7245C2A91C6EC048001B357B;
			remoteInfo = "Pitch Perfect";
		};
/* End PBXContainerItemProxy section */

/* Begin PBXFileReference section */
		7245C2AA1C6EC048001B357B /* Pitch Perfect.app */ = {isa = PBXFileReference; explicitFileType = wrapper.application; includeInIndex = 0; path = "Pitch Perfect.app"; sourceTree = BUILT_PRODUCTS_DIR; };
		7245C2AD1C6EC048001B357B /* AppDelegate.swift */ = {isa = PBXFileReference; lastKnownFileType = sourcecode.swift; path = AppDelegate.swift; sourceTree = "<group>"; };
		7245C2AF1C6EC048001B357B /* ViewController.swift */ = {isa = PBXFileReference; lastKnownFileType = sourcecode.swift; path = ViewController.swift; sourceTree = "<group>"; };
		7245C2B21C6EC048001B357B /* Base */ = {isa = PBXFileReference; lastKnownFileType = file.storyboard; name = Base; path = Base.lproj/Main.storyboard; sourceTree = "<group>"; };
		7245C2B41C6EC048001B357B /* Assets.xcassets */ = {isa = PBXFileReference; lastKnownFileType = folder.assetcatalog; path = Assets.xcassets; sourceTree = "<group>"; };
		7245C2B71C6EC048001B357B /* Base */ = {isa = PBXFileReference; lastKnownFileType = file.storyboard; name = Base; path = Base.lproj/LaunchScreen.storyboard; sourceTree = "<group>"; };
		7245C2B91C6EC048001B357B /* Info.plist */ = {isa = PBXFileReference; lastKnownFileType = text.plist.xml; path = Info.plist; sourceTree = "<group>"; };
		7245C2BE1C6EC048001B357B /* Pitch PerfectTests.xctest */ = {isa = PBXFileReference; explicitFileType = wrapper.cfbundle; includeInIndex = 0; path = "Pitch PerfectTests.xctest"; sourceTree = BUILT_PRODUCTS_DIR; };
		7245C2C21C6EC048001B357B /* Pitch_PerfectTests.swift */ = {isa = PBXFileReference; lastKnownFileType = sourcecode.swift; path = Pitch_PerfectTests.swift; sourceTree = "<group>"; };
		7245C2C41C6EC048001B357B /* Info.plist */ = {isa = PBXFileReference; lastKnownFileType = text.plist.xml; path = Info.plist; sourceTree = "<group>"; };
		7245C2C91C6EC048001B357B /* Pitch PerfectUITests.xctest */ = {isa = PBXFileReference; explicitFileType = wrapper.cfbundle; includeInIndex = 0; path = "Pitch PerfectUITests.xctest"; sourceTree = BUILT_PRODUCTS_DIR; };
		7245C2CD1C6EC048001B357B /* Pitch_PerfectUITests.swift */ = {isa = PBXFileReference; lastKnownFileType = sourcecode.swift; path = Pitch_PerfectUITests.swift; sourceTree = "<group>"; };
		7245C2CF1C6EC048001B357B /* Info.plist */ = {isa = PBXFileReference; lastKnownFileType = text.plist.xml; path = Info.plist; sourceTree = "<group>"; };
/* End PBXFileReference section */

/* Begin PBXFrameworksBuildPhase section */
		7245C2A71C6EC048001B357B /* Frameworks */ = {
			isa = PBXFrameworksBuildPhase;
			buildActionMask = 2147483647;
			files = (
			);
			runOnlyForDeploymentPostprocessing = 0;
		};
		7245C2BB1C6EC048001B357B /* Frameworks */ = {
			isa = PBXFrameworksBuildPhase;
			buildActionMask = 2147483647;
			files = (
			);
			runOnlyForDeploymentPostprocessing = 0;
		};
		7245C2C61C6EC048001B357B /* Frameworks */ = {
			isa = PBXFrameworksBuildPhase;
			buildActionMask = 2147483647;
			files = (
			);
			runOnlyForDeploymentPostprocessing = 0;
		};
/* End PBXFrameworksBuildPhase section */

/* Begin PBXGroup section */
		7245C2A11C6EC048001B357B = {
			isa = PBXGroup;
			children = (
				7245C2AC1C6EC048001B357B /* Pitch Perfect */,
				7245C2C11C6EC048001B357B /* Pitch PerfectTests */,
				7245C2CC1C6EC048001B357B /* Pitch PerfectUITests */,
				7245C2AB1C6EC048001B357B /* Products */,
			);
			sourceTree = "<group>";
		};
		7245C2AB1C6EC048001B357B /* Products */ = {
			isa = PBXGroup;
			children = (
				7245C2AA1C6EC048001B357B /* Pitch Perfect.app */,
				7245C2BE1C6EC048001B357B /* Pitch PerfectTests.xctest */,
				7245C2C91C6EC048001B357B /* Pitch PerfectUITests.xctest */,
			);
			name = Products;
			sourceTree = "<group>";
		};
		7245C2AC1C6EC048001B357B /* Pitch Perfect */ = {
			isa = PBXGroup;
			children = (
				7245C2AD1C6EC048001B357B /* AppDelegate.swift */,
				7245C2AF1C6EC048001B357B /* ViewController.swift */,
				7245C2B11C6EC048001B357B /* Main.storyboard */,
				7245C2B41C6EC048001B357B /* Assets.xcassets */,
				7245C2B61C6EC048001B357B /* LaunchScreen.storyboard */,
				7245C2B91C6EC048001B357B /* Info.plist */,
			);
			path = "Pitch Perfect";
			sourceTree = "<group>";
		};
		7245C2C11C6EC048001B357B /* Pitch PerfectTests */ = {
			isa = PBXGroup;
			children = (
				7245C2C21C6EC048001B357B /* Pitch_PerfectTests.swift */,
				7245C2C41C6EC048001B357B /* Info.plist */,
			);
			path = "Pitch PerfectTests";
			sourceTree = "<group>";
		};
		7245C2CC1C6EC048001B357B /* Pitch PerfectUITests */ = {
			isa = PBXGroup;
			children = (
				7245C2CD1C6EC048001B357B /* Pitch_PerfectUITests.swift */,
				7245C2CF1C6EC048001B357B /* Info.plist */,
			);
			path = "Pitch PerfectUITests";
			sourceTree = "<group>";
		};
/* End PBXGroup section */

/* Begin PBXNativeTarget section */
		7245C2A91C6EC048001B357B /* Pitch Perfect */ = {
			isa = PBXNativeTarget;
			buildConfigurationList = 7245C2D21C6EC048001B357B /* Build configuration list for PBXNativeTarget "Pitch Perfect" */;
			buildPhases = (
				7245C2A61C6EC048001B357B /* Sources */,
				7245C2A71C6EC048001B357B /* Frameworks */,
				7245C2A81C6EC048001B357B /* Resources */,
			);
			buildRules = (
			);
			dependencies = (
			);
			name = "Pitch Perfect";
			productName = "Pitch Perfect";
			productReference = 7245C2AA1C6EC048001B357B /* Pitch Perfect.app */;
			productType = "com.apple.product-type.application";
		};
		7245C2BD1C6EC048001B357B /* Pitch PerfectTests */ = {
			isa = PBXNativeTarget;
			buildConfigurationList = 7245C2D51C6EC048001B357B /* Build configuration list for PBXNativeTarget "Pitch PerfectTests" */;
			buildPhases = (
				7245C2BA1C6EC048001B357B /* Sources */,
				7245C2BB1C6EC048001B357B /* Frameworks */,
				7245C2BC1C6EC048001B357B /* Resources */,
			);
			buildRules = (
			);
			dependencies = (
				7245C2C01C6EC048001B357B /* PBXTargetDependency */,
			);
			name = "Pitch PerfectTests";
			productName = "Pitch PerfectTests";
			productReference = 7245C2BE1C6EC048001B357B /* Pitch PerfectTests.xctest */;
			productType = "com.apple.product-type.bundle.unit-test";
		};
		7245C2C81C6EC048001B357B /* Pitch PerfectUITests */ = {
			isa = PBXNativeTarget;
			buildConfigurationList = 7245C2D81C6EC048001B357B /* Build configuration list for PBXNativeTarget "Pitch PerfectUITests" */;
			buildPhases = (
				7245C2C51C6EC048001B357B /* Sources */,
				7245C2C61C6EC048001B357B /* Frameworks */,
				7245C2C71C6EC048001B357B /* Resources */,
			);
			buildRules = (
			);
			dependencies = (
				7245C2CB1C6EC048001B357B /* PBXTargetDependency */,
			);
			name = "Pitch PerfectUITests";
			productName = "Pitch PerfectUITests";
			productReference = 7245C2C91C6EC048001B357B /* Pitch PerfectUITests.xctest */;
			productType = "com.apple.product-type.bundle.ui-testing";
		};
/* End PBXNativeTarget section */

/* Begin PBXProject section */
		7245C2A21C6EC048001B357B /* Project object */ = {
			isa = PBXProject;
			attributes = {
				LastSwiftUpdateCheck = 0720;
				LastUpgradeCheck = 0720;
				ORGANIZATIONNAME = "Davis Rixi";
				TargetAttributes = {
					7245C2A91C6EC048001B357B = {
						CreatedOnToolsVersion = 7.2;
					};
					7245C2BD1C6EC048001B357B = {
						CreatedOnToolsVersion = 7.2;
						TestTargetID = 7245C2A91C6EC048001B357B;
					};
					7245C2C81C6EC048001B357B = {
						CreatedOnToolsVersion = 7.2;
						TestTargetID = 7245C2A91C6EC048001B357B;
					};
				};
			};
			buildConfigurationList = 7245C2A51C6EC048001B357B /* Build configuration list for PBXProject "Pitch Perfect" */;
			compatibilityVersion = "Xcode 3.2";
			developmentRegion = English;
			hasScannedForEncodings = 0;
			knownRegions = (
				en,
				Base,
			);
			mainGroup = 7245C2A11C6EC048001B357B;
			productRefGroup = 7245C2AB1C6EC048001B357B /* Products */;
			projectDirPath = "";
			projectRoot = "";
			targets = (
				7245C2A91C6EC048001B357B /* Pitch Perfect */,
				7245C2BD1C6EC048001B357B /* Pitch PerfectTests */,
				7245C2C81C6EC048001B357B /* Pitch PerfectUITests */,
			);
		};
/* End PBXProject section */

/* Begin PBXResourcesBuildPhase section */
		7245C2A81C6EC048001B357B /* Resources */ = {
			isa = PBXResourcesBuildPhase;
			buildActionMask = 2147483647;
			files = (
				7245C2B81C6EC048001B357B /* LaunchScreen.storyboard in Resources */,
				7245C2B51C6EC048001B357B /* Assets.xcassets in Resources */,
				7245C2B31C6EC048001B357B /* Main.storyboard in Resources */,
			);
			runOnlyForDeploymentPostprocessing = 0;
		};
		7245C2BC1C6EC048001B357B /* Resources */ = {
			isa = PBXResourcesBuildPhase;
			buildActionMask = 2147483647;
			files = (
			);
			runOnlyForDeploymentPostprocessing = 0;
		};
		7245C2C71C6EC048001B357B /* Resources */ = {
			isa = PBXResourcesBuildPhase;
			buildActionMask = 2147483647;
			files = (
			);
			runOnlyForDeploymentPostprocessing = 0;
		};
/* End PBXResourcesBuildPhase section */

/* Begin PBXSourcesBuildPhase section */
		7245C2A61C6EC048001B357B /* Sources */ = {
			isa = PBXSourcesBuildPhase;
			buildActionMask = 2147483647;
			files = (
				7245C2B01C6EC048001B357B /* ViewController.swift in Sources */,
				7245C2AE1C6EC048001B357B /* AppDelegate.swift in Sources */,
			);
			runOnlyForDeploymentPostprocessing = 0;
		};
		7245C2BA1C6EC048001B357B /* Sources */ = {
			isa = PBXSourcesBuildPhase;
			buildActionMask = 2147483647;
			files = (
				7245C2C31C6EC048001B357B /* Pitch_PerfectTests.swift in Sources */,
			);
			runOnlyForDeploymentPostprocessing = 0;
		};
		7245C2C51C6EC048001B357B /* Sources */ = {
			isa = PBXSourcesBuildPhase;
			buildActionMask = 2147483647;
			files = (
				7245C2CE1C6EC048001B357B /* Pitch_PerfectUITests.swift in Sources */,
			);
			runOnlyForDeploymentPostprocessing = 0;
		};
/* End PBXSourcesBuildPhase section */

/* Begin PBXTargetDependency section */
		7245C2C01C6EC048001B357B /* PBXTargetDependency */ = {
			isa = PBXTargetDependency;
			target = 7245C2A91C6EC048001B357B /* Pitch Perfect */;
			targetProxy = 7245C2BF1C6EC048001B357B /* PBXContainerItemProxy */;
		};
		7245C2CB1C6EC048001B357B /* PBXTargetDependency */ = {
			isa = PBXTargetDependency;
			target = 7245C2A91C6EC048001B357B /* Pitch Perfect */;
			targetProxy = 7245C2CA1C6EC048001B357B /* PBXContainerItemProxy */;
		};
/* End PBXTargetDependency section */

/* Begin PBXVariantGroup section */
		7245C2B11C6EC048001B357B /* Main.storyboard */ = {
			isa = PBXVariantGroup;
			children = (
				7245C2B21C6EC048001B357B /* Base */,
			);
			name = Main.storyboard;
			sourceTree = "<group>";
		};
		7245C2B61C6EC048001B357B /* LaunchScreen.storyboard */ = {
			isa = PBXVariantGroup;
			children = (
				7245C2B71C6EC048001B357B /* Base */,
			);
			name = LaunchScreen.storyboard;
			sourceTree = "<group>";
		};
/* End PBXVariantGroup section */

/* Begin XCBuildConfiguration section */
		7245C2D01C6EC048001B357B /* Debug */ = {
			isa = XCBuildConfiguration;
			buildSettings = {
				ALWAYS_SEARCH_USER_PATHS = NO;
				CLANG_CXX_LANGUAGE_STANDARD = "gnu++0x";
				CLANG_CXX_LIBRARY = "libc++";
				CLANG_ENABLE_MODULES = YES;
				CLANG_ENABLE_OBJC_ARC = YES;
				CLANG_WARN_BOOL_CONVERSION = YES;
				CLANG_WARN_CONSTANT_CONVERSION = YES;
				CLANG_WARN_DIRECT_OBJC_ISA_USAGE = YES_ERROR;
				CLANG_WARN_EMPTY_BODY = YES;
				CLANG_WARN_ENUM_CONVERSION = YES;
				CLANG_WARN_INT_CONVERSION = YES;
				CLANG_WARN_OBJC_ROOT_CLASS = YES_ERROR;
				CLANG_WARN_UNREACHABLE_CODE = YES;
				CLANG_WARN__DUPLICATE_METHOD_MATCH = YES;
				"CODE_SIGN_IDENTITY[sdk=iphoneos*]" = "iPhone Developer";
				COPY_PHASE_STRIP = NO;
				DEBUG_INFORMATION_FORMAT = dwarf;
				ENABLE_STRICT_OBJC_MSGSEND = YES;
				ENABLE_TESTABILITY = YES;
				GCC_C_LANGUAGE_STANDARD = gnu99;
				GCC_DYNAMIC_NO_PIC = NO;
				GCC_NO_COMMON_BLOCKS = YES;
				GCC_OPTIMIZATION_LEVEL = 0;
				GCC_PREPROCESSOR_DEFINITIONS = (
					"DEBUG=1",
					"$(inherited)",
				);
				GCC_WARN_64_TO_32_BIT_CONVERSION = YES;
				GCC_WARN_ABOUT_RETURN_TYPE = YES_ERROR;
				GCC_WARN_UNDECLARED_SELECTOR = YES;
				GCC_WARN_UNINITIALIZED_AUTOS = YES_AGGRESSIVE;
				GCC_WARN_UNUSED_FUNCTION = YES;
				GCC_WARN_UNUSED_VARIABLE = YES;
				IPHONEOS_DEPLOYMENT_TARGET = 9.2;
				MTL_ENABLE_DEBUG_INFO = YES;
				ONLY_ACTIVE_ARCH = YES;
				SDKROOT = iphoneos;
				SWIFT_OPTIMIZATION_LEVEL = "-Onone";
			};
			name = Debug;
		};
		7245C2D11C6EC048001B357B /* Release */ = {
			isa = XCBuildConfiguration;
			buildSettings = {
				ALWAYS_SEARCH_USER_PATHS = NO;
				CLANG_CXX_LANGUAGE_STANDARD = "gnu++0x";
				CLANG_CXX_LIBRARY = "libc++";
				CLANG_ENABLE_MODULES = YES;
				CLANG_ENABLE_OBJC_ARC = YES;
				CLANG_WARN_BOOL_CONVERSION = YES;
				CLANG_WARN_CONSTANT_CONVERSION = YES;
				CLANG_WARN_DIRECT_OBJC_ISA_USAGE = YES_ERROR;
				CLANG_WARN_EMPTY_BODY = YES;
				CLANG_WARN_ENUM_CONVERSION = YES;
				CLANG_WARN_INT_CONVERSION = YES;
				CLANG_WARN_OBJC_ROOT_CLASS = YES_ERROR;
				CLANG_WARN_UNREACHABLE_CODE = YES;
				CLANG_WARN__DUPLICATE_METHOD_MATCH = YES;
				"CODE_SIGN_IDENTITY[sdk=iphoneos*]" = "iPhone Developer";
				COPY_PHASE_STRIP = NO;
				DEBUG_INFORMATION_FORMAT = "dwarf-with-dsym";
				ENABLE_NS_ASSERTIONS = NO;
				ENABLE_STRICT_OBJC_MSGSEND = YES;
				GCC_C_LANGUAGE_STANDARD = gnu99;
				GCC_NO_COMMON_BLOCKS = YES;
				GCC_WARN_64_TO_32_BIT_CONVERSION = YES;
				GCC_WARN_ABOUT_RETURN_TYPE = YES_ERROR;
				GCC_WARN_UNDECLARED_SELECTOR = YES;
				GCC_WARN_UNINITIALIZED_AUTOS = YES_AGGRESSIVE;
				GCC_WARN_UNUSED_FUNCTION = YES;
				GCC_WARN_UNUSED_VARIABLE = YES;
				IPHONEOS_DEPLOYMENT_TARGET = 9.2;
				MTL_ENABLE_DEBUG_INFO = NO;
				SDKROOT = iphoneos;
				VALIDATE_PRODUCT = YES;
			};
			name = Release;
		};
		7245C2D31C6EC048001B357B /* Debug */ = {
			isa = XCBuildConfiguration;
			buildSettings = {
				ASSETCATALOG_COMPILER_APPICON_NAME = AppIcon;
				INFOPLIST_FILE = "Pitch Perfect/Info.plist";
				LD_RUNPATH_SEARCH_PATHS = "$(inherited) @executable_path/Frameworks";
				PRODUCT_BUNDLE_IDENTIFIER = "com.dapp.Pitch-Perfect";
				PRODUCT_NAME = "$(TARGET_NAME)";
			};
			name = Debug;
		};
		7245C2D41C6EC048001B357B /* Release */ = {
			isa = XCBuildConfiguration;
			buildSettings = {
				ASSETCATALOG_COMPILER_APPICON_NAME = AppIcon;
				INFOPLIST_FILE = "Pitch Perfect/Info.plist";
				LD_RUNPATH_SEARCH_PATHS = "$(inherited) @executable_path/Frameworks";
				PRODUCT_BUNDLE_IDENTIFIER = "com.dapp.Pitch-Perfect";
				PRODUCT_NAME = "$(TARGET_NAME)";
			};
			name = Release;
		};
		7245C2D61C6EC048001B357B /* Debug */ = {
			isa = XCBuildConfiguration;
			buildSettings = {
				BUNDLE_LOADER = "$(TEST_HOST)";
				INFOPLIST_FILE = "Pitch PerfectTests/Info.plist";
				LD_RUNPATH_SEARCH_PATHS = "$(inherited) @executable_path/Frameworks @loader_path/Frameworks";
				PRODUCT_BUNDLE_IDENTIFIER = "com.dapp.Pitch-PerfectTests";
				PRODUCT_NAME = "$(TARGET_NAME)";
				TEST_HOST = "$(BUILT_PRODUCTS_DIR)/Pitch Perfect.app/Pitch Perfect";
			};
			name = Debug;
		};
		7245C2D71C6EC048001B357B /* Release */ = {
			isa = XCBuildConfiguration;
			buildSettings = {
				BUNDLE_LOADER = "$(TEST_HOST)";
				INFOPLIST_FILE = "Pitch PerfectTests/Info.plist";
				LD_RUNPATH_SEARCH_PATHS = "$(inherited) @executable_path/Frameworks @loader_path/Frameworks";
				PRODUCT_BUNDLE_IDENTIFIER = "com.dapp.Pitch-PerfectTests";
				PRODUCT_NAME = "$(TARGET_NAME)";
				TEST_HOST = "$(BUILT_PRODUCTS_DIR)/Pitch Perfect.app/Pitch Perfect";
			};
			name = Release;
		};
		7245C2D91C6EC048001B357B /* Debug */ = {
			isa = XCBuildConfiguration;
			buildSettings = {
				INFOPLIST_FILE = "Pitch PerfectUITests/Info.plist";
				LD_RUNPATH_SEARCH_PATHS = "$(inherited) @executable_path/Frameworks @loader_path/Frameworks";
				PRODUCT_BUNDLE_IDENTIFIER = "com.dapp.Pitch-PerfectUITests";
				PRODUCT_NAME = "$(TARGET_NAME)";
				TEST_TARGET_NAME = "Pitch Perfect";
				USES_XCTRUNNER = YES;
			};
			name = Debug;
		};
		7245C2DA1C6EC048001B357B /* Release */ = {
			isa = XCBuildConfiguration;
			buildSettings = {
				INFOPLIST_FILE = "Pitch PerfectUITests/Info.plist";
				LD_RUNPATH_SEARCH_PATHS = "$(inherited) @executable_path/Frameworks @loader_path/Frameworks";
				PRODUCT_BUNDLE_IDENTIFIER = "com.dapp.Pitch-PerfectUITests";
				PRODUCT_NAME = "$(TARGET_NAME)";
				TEST_TARGET_NAME = "Pitch Perfect";
				USES_XCTRUNNER = YES;
			};
			name = Release;
		};
/* End XCBuildConfiguration section */

/* Begin XCConfigurationList section */
		7245C2A51C6EC048001B357B /* Build configuration list for PBXProject "Pitch Perfect" */ = {
			isa = XCConfigurationList;
			buildConfigurations = (
				7245C2D01C6EC048001B357B /* Debug */,
				7245C2D11C6EC048001B357B /* Release */,
			);
			defaultConfigurationIsVisible = 0;
			defaultConfigurationName = Release;
		};
		7245C2D21C6EC048001B357B /* Build configuration list for PBXNativeTarget "Pitch Perfect" */ = {
			isa = XCConfigurationList;
			buildConfigurations = (
				7245C2D31C6EC048001B357B /* Debug */,
				7245C2D41C6EC048001B357B /* Release */,
			);
			defaultConfigurationIsVisible = 0;
		};
		7245C2D51C6EC048001B357B /* Build configuration list for PBXNativeTarget "Pitch PerfectTests" */ = {
			isa = XCConfigurationList;
			buildConfigurations = (
				7245C2D61C6EC048001B357B /* Debug */,
				7245C2D71C6EC048001B357B /* Release */,
			);
			defaultConfigurationIsVisible = 0;
		};
		7245C2D81C6EC048001B357B /* Build configuration list for PBXNativeTarget "Pitch PerfectUITests" */ = {
			isa = XCConfigurationList;
			buildConfigurations = (
				7245C2D91C6EC048001B357B /* Debug */,
				7245C2DA1C6EC048001B357B /* Release */,
			);
			defaultConfigurationIsVisible = 0;
		};
/* End XCConfigurationList section */
	};
	rootObject = 7245C2A21C6EC048001B357B /* Project object */;
}
